{
  "requires": true,
  "lockfileVersion": 1,
  "dependencies": {
    "@hediet/debug-visualizer-data-extraction": {
      "version": "0.12.0",
      "resolved": "https://registry.npmjs.org/@hediet/debug-visualizer-data-extraction/-/debug-visualizer-data-extraction-0.12.0.tgz",
      "integrity": "sha512-e0d8HRfRm4jsv+7f/WSm6DOZWQiAKYvvz8tH04MsqIScIHoT8jhb8xBcdMHlZRaGeBzU4RD048Lj5J2s5owL4Q=="
    }
  }
}
